
Microsoft Visual Studio Solution File, Format Version 12.00
# Visual Studio Version 16
VisualStudioVersion = 16.0.32106.194
MinimumVisualStudioVersion = 10.0.40219.1
Project("{FAE04EC0-301F-11D3-BF4B-00C04F79EFBC}") = "SPC soc", "SPC soc\SPC soc.csproj", "{238B51E4-62BC-41B9-A24D-99349883B68F}"
EndProject
Global
	GlobalSection(SolutionConfigurationPlatforms) = preSolution
		Debug|Any CPU = Debug|Any CPU
		Release|Any CPU = Release|Any CPU
	EndGlobalSection
	GlobalSection(ProjectConfigurationPlatforms) = postSolution
		{238B51E4-62BC-41B9-A24D-99349883B68F}.Debug|Any CPU.ActiveCfg = Debug|Any CPU
		{238B51E4-62BC-41B9-A24D-99349883B68F}.Debug|Any CPU.Build.0 = Debug|Any CPU
		{238B51E4-62BC-41B9-A24D-99349883B68F}.Release|Any CPU.ActiveCfg = Release|Any CPU
		{238B51E4-62BC-41B9-A24D-99349883B68F}.Release|Any CPU.Build.0 = Release|Any CPU
	EndGlobalSection
	GlobalSection(SolutionProperties) = preSolution
		HideSolutionNode = FALSE
	EndGlobalSection
	GlobalSection(ExtensibilityGlobals) = postSolution
		SolutionGuid = {05F436AE-6129-48C8-9556-85EB4EE8EC0F}
	EndGlobalSection
EndGlobal
